
Microsoft Visual Studio Solution File, Format Version 12.00
# Visual Studio 2012
Project("{FAE04EC0-301F-11D3-BF4B-00C04F79EFBC}") = "CacheSpike", "CacheSpike\CacheSpike.csproj", "{40F9AA27-390F-4EC5-A06A-A5B4B356B333}"
EndProject
Project("{FAE04EC0-301F-11D3-BF4B-00C04F79EFBC}") = "CacheSpikeCLI", "CacheSpikeCLI\CacheSpikeCLI.csproj", "{480BFCEB-7FE5-41BA-874A-84090A47079B}"
EndProject
Global
	GlobalSection(SolutionConfigurationPlatforms) = preSolution
		Debug|Any CPU = Debug|Any CPU
		Release|Any CPU = Release|Any CPU
	EndGlobalSection
	GlobalSection(ProjectConfigurationPlatforms) = postSolution
		{40F9AA27-390F-4EC5-A06A-A5B4B356B333}.Debug|Any CPU.ActiveCfg = Debug|Any CPU
		{40F9AA27-390F-4EC5-A06A-A5B4B356B333}.Debug|Any CPU.Build.0 = Debug|Any CPU
		{40F9AA27-390F-4EC5-A06A-A5B4B356B333}.Release|Any CPU.ActiveCfg = Release|Any CPU
		{40F9AA27-390F-4EC5-A06A-A5B4B356B333}.Release|Any CPU.Build.0 = Release|Any CPU
		{480BFCEB-7FE5-41BA-874A-84090A47079B}.Debug|Any CPU.ActiveCfg = Debug|Any CPU
		{480BFCEB-7FE5-41BA-874A-84090A47079B}.Debug|Any CPU.Build.0 = Debug|Any CPU
		{480BFCEB-7FE5-41BA-874A-84090A47079B}.Release|Any CPU.ActiveCfg = Release|Any CPU
		{480BFCEB-7FE5-41BA-874A-84090A47079B}.Release|Any CPU.Build.0 = Release|Any CPU
	EndGlobalSection
	GlobalSection(SolutionProperties) = preSolution
		HideSolutionNode = FALSE
	EndGlobalSection
EndGlobal
